Microsoft Visual Studio Solution File, Format Version 12.00
# Visual Studio 2012
Project("{FAE04EC0-301F-11D3-BF4B-00C04F79EFBC}") = "Gravity", "Gravity.csproj", "{41A60D84-10F3-4DC9-95C4-EE3E6ED74006}"
EndProject
Global
	GlobalSection(SolutionConfigurationPlatforms) = preSolution
	Debug|Any CPU = Debug|Any CPU
	ExportDebug|Any CPU = ExportDebug|Any CPU
	ExportRelease|Any CPU = ExportRelease|Any CPU
	EndGlobalSection
	GlobalSection(ProjectConfigurationPlatforms) = postSolution
		{41A60D84-10F3-4DC9-95C4-EE3E6ED74006}.Debug|Any CPU.ActiveCfg = Debug|Any CPU
		{41A60D84-10F3-4DC9-95C4-EE3E6ED74006}.Debug|Any CPU.Build.0 = Debug|Any CPU
		{41A60D84-10F3-4DC9-95C4-EE3E6ED74006}.ExportDebug|Any CPU.ActiveCfg = ExportDebug|Any CPU
		{41A60D84-10F3-4DC9-95C4-EE3E6ED74006}.ExportDebug|Any CPU.Build.0 = ExportDebug|Any CPU
		{41A60D84-10F3-4DC9-95C4-EE3E6ED74006}.ExportRelease|Any CPU.ActiveCfg = ExportRelease|Any CPU
		{41A60D84-10F3-4DC9-95C4-EE3E6ED74006}.ExportRelease|Any CPU.Build.0 = ExportRelease|Any CPU
	EndGlobalSection
EndGlobal
